{
  "object": {
    "pins": [
      {
        "package": "CommonKit",
        "repositoryURL": "https://github.com/pomozoff/CommonKit.git",
        "state": {
          "branch": "main",
          "revision": "be7a3b6a422ae2eb89e72047de43a7bfae161515",
          "version": null
        }
      }
    ]
  },
  "version": 1
}
